// !$*UTF8*$!
{
	archiveVersion = 1;
	classes = {
	};
	objectVersion = 46;
	objects = {

/* Begin PBXBuildFile section */
		0DFDE32CA6D894C035A89678 /* Pods_DancingMen.framework in Frameworks */ = {isa = PBXBuildFile; fileRef = 68787554BC944BBE698AECD3 /* Pods_DancingMen.framework */; };
		284031F9267C5F56F9FEEBBD /* Pods_DancingMenTests.framework in Frameworks */ = {isa = PBXBuildFile; fileRef = 22711D6373DC066243E92070 /* Pods_DancingMenTests.framework */; };
		D42A04581BF231F500700E6F /* KeypadViewController.swift in Sources */ = {isa = PBXBuildFile; fileRef = D42A04571BF231F500700E6F /* KeypadViewController.swift */; };
		D42A045A1BF2AAFB00700E6F /* FontViewController.swift in Sources */ = {isa = PBXBuildFile; fileRef = D42A04591BF2AAFB00700E6F /* FontViewController.swift */; };
		D42A045D1BF4C68D00700E6F /* KeypadManager.swift in Sources */ = {isa = PBXBuildFile; fileRef = D42A045C1BF4C68D00700E6F /* KeypadManager.swift */; };
		D42A04601BF4DC2E00700E6F /* PlaintextViewController.swift in Sources */ = {isa = PBXBuildFile; fileRef = D42A045F1BF4DC2E00700E6F /* PlaintextViewController.swift */; };
		D42A04631BF50CC100700E6F /* FontManager.swift in Sources */ = {isa = PBXBuildFile; fileRef = D4EFE18A1BE906B800672746 /* FontManager.swift */; };
		D42A04641BF50CED00700E6F /* FontProtocol.swift in Sources */ = {isa = PBXBuildFile; fileRef = D4EFE18E1BE907BC00672746 /* FontProtocol.swift */; };
		D42A04651BF50CEF00700E6F /* KeypadManager.swift in Sources */ = {isa = PBXBuildFile; fileRef = D42A045C1BF4C68D00700E6F /* KeypadManager.swift */; };
		D42A04661BF50CF500700E6F /* Maritime.swift in Sources */ = {isa = PBXBuildFile; fileRef = D4EFE19B1BE9099100672746 /* Maritime.swift */; };
		D42A04671BF50CF500700E6F /* Morse.swift in Sources */ = {isa = PBXBuildFile; fileRef = D4EFE1931BE908B800672746 /* Morse.swift */; };
		D42A04681BF50CF500700E6F /* Masonic.swift in Sources */ = {isa = PBXBuildFile; fileRef = D4EFE1951BE908EC00672746 /* Masonic.swift */; };
		D42A04691BF50CF500700E6F /* Braille.swift in Sources */ = {isa = PBXBuildFile; fileRef = D4EFE1971BE9091800672746 /* Braille.swift */; };
		D42A046A1BF50CF500700E6F /* Semaphore.swift in Sources */ = {isa = PBXBuildFile; fileRef = D4EFE18C1BE9079100672746 /* Semaphore.swift */; };
		D42A046B1BF50CF500700E6F /* DancingMen.swift in Sources */ = {isa = PBXBuildFile; fileRef = D4EFE1911BE9085C00672746 /* DancingMen.swift */; };
		D44C55191C0F69B400ED77F1 /* GameViewController.swift in Sources */ = {isa = PBXBuildFile; fileRef = D44C55181C0F69B400ED77F1 /* GameViewController.swift */; };
		D44C551B1C0F6DF200ED77F1 /* GameManager.swift in Sources */ = {isa = PBXBuildFile; fileRef = D44C551A1C0F6DF200ED77F1 /* GameManager.swift */; };
		D44C551D1C10CA7200ED77F1 /* DataManager.swift in Sources */ = {isa = PBXBuildFile; fileRef = D44C551C1C10CA7200ED77F1 /* DataManager.swift */; };
		D4EFE1521BE8E27600672746 /* AppDelegate.swift in Sources */ = {isa = PBXBuildFile; fileRef = D4EFE1511BE8E27600672746 /* AppDelegate.swift */; };
		D4EFE1551BE8E27600672746 /* DancingMen.xcdatamodeld in Sources */ = {isa = PBXBuildFile; fileRef = D4EFE1531BE8E27600672746 /* DancingMen.xcdatamodeld */; };
		D4EFE1571BE8E27600672746 /* ViewController.swift in Sources */ = {isa = PBXBuildFile; fileRef = D4EFE1561BE8E27600672746 /* ViewController.swift */; };
		D4EFE15A1BE8E27600672746 /* Main.storyboard in Resources */ = {isa = PBXBuildFile; fileRef = D4EFE1581BE8E27600672746 /* Main.storyboard */; };
		D4EFE15C1BE8E27600672746 /* Images.xcassets in Resources */ = {isa = PBXBuildFile; fileRef = D4EFE15B1BE8E27600672746 /* Images.xcassets */; };
		D4EFE15F1BE8E27600672746 /* LaunchScreen.xib in Resources */ = {isa = PBXBuildFile; fileRef = D4EFE15D1BE8E27600672746 /* LaunchScreen.xib */; };
		D4EFE16B1BE8E27600672746 /* DancingMenTests.swift in Sources */ = {isa = PBXBuildFile; fileRef = D4EFE16A1BE8E27600672746 /* DancingMenTests.swift */; };
		D4EFE18B1BE906B800672746 /* FontManager.swift in Sources */ = {isa = PBXBuildFile; fileRef = D4EFE18A1BE906B800672746 /* FontManager.swift */; };
		D4EFE18D1BE9079100672746 /* Semaphore.swift in Sources */ = {isa = PBXBuildFile; fileRef = D4EFE18C1BE9079100672746 /* Semaphore.swift */; };
		D4EFE18F1BE907BC00672746 /* FontProtocol.swift in Sources */ = {isa = PBXBuildFile; fileRef = D4EFE18E1BE907BC00672746 /* FontProtocol.swift */; };
		D4EFE1921BE9085C00672746 /* DancingMen.swift in Sources */ = {isa = PBXBuildFile; fileRef = D4EFE1911BE9085C00672746 /* DancingMen.swift */; };
		D4EFE1941BE908B800672746 /* Morse.swift in Sources */ = {isa = PBXBuildFile; fileRef = D4EFE1931BE908B800672746 /* Morse.swift */; };
		D4EFE1961BE908EC00672746 /* Masonic.swift in Sources */ = {isa = PBXBuildFile; fileRef = D4EFE1951BE908EC00672746 /* Masonic.swift */; };
		D4EFE1981BE9091800672746 /* Braille.swift in Sources */ = {isa = PBXBuildFile; fileRef = D4EFE1971BE9091800672746 /* Braille.swift */; };
		D4EFE19C1BE9099100672746 /* Maritime.swift in Sources */ = {isa = PBXBuildFile; fileRef = D4EFE19B1BE9099100672746 /* Maritime.swift */; };
		D4EFE1A31BE918A500672746 /* DancingMen.ttf in Resources */ = {isa = PBXBuildFile; fileRef = D4EFE19D1BE918A500672746 /* DancingMen.ttf */; };
		D4EFE1A41BE918A500672746 /* Maritime.ttf in Resources */ = {isa = PBXBuildFile; fileRef = D4EFE19E1BE918A500672746 /* Maritime.ttf */; };
		D4EFE1A51BE918A500672746 /* Masonic.ttf in Resources */ = {isa = PBXBuildFile; fileRef = D4EFE19F1BE918A500672746 /* Masonic.ttf */; };
		D4EFE1A61BE918A500672746 /* Morse.ttf in Resources */ = {isa = PBXBuildFile; fileRef = D4EFE1A01BE918A500672746 /* Morse.ttf */; };
		D4EFE1A71BE918A500672746 /* Semaphore.ttf in Resources */ = {isa = PBXBuildFile; fileRef = D4EFE1A11BE918A500672746 /* Semaphore.ttf */; };
		D4EFE1A81BE918A500672746 /* Swell-Braille.ttf in Resources */ = {isa = PBXBuildFile; fileRef = D4EFE1A21BE918A500672746 /* Swell-Braille.ttf */; };
/* End PBXBuildFile section */

/* Begin PBXContainerItemProxy section */
		D4EFE1651BE8E27600672746 /* PBXContainerItemProxy */ = {
			isa = PBXContainerItemProxy;
			containerPortal = D4EFE1441BE8E27600672746 /* Project object */;
			proxyType = 1;
			remoteGlobalIDString = D4EFE14B1BE8E27600672746;
			remoteInfo = DancingMen;
		};
/* End PBXContainerItemProxy section */

/* Begin PBXFileReference section */
		22711D6373DC066243E92070 /* Pods_DancingMenTests.framework */ = {isa = PBXFileReference; explicitFileType = wrapper.framework; includeInIndex = 0; path = Pods_DancingMenTests.framework; sourceTree = BUILT_PRODUCTS_DIR; };
		2EC1CDAA8B129EC412E16ECB /* Pods-DancingMen.debug.xcconfig */ = {isa = PBXFileReference; includeInIndex = 1; lastKnownFileType = text.xcconfig; name = "Pods-DancingMen.debug.xcconfig"; path = "Pods/Target Support Files/Pods-DancingMen/Pods-DancingMen.debug.xcconfig"; sourceTree = "<group>"; };
		68787554BC944BBE698AECD3 /* Pods_DancingMen.framework */ = {isa = PBXFileReference; explicitFileType = wrapper.framework; includeInIndex = 0; path = Pods_DancingMen.framework; sourceTree = BUILT_PRODUCTS_DIR; };
		B4BB54F20406056E544D00E4 /* Pods-DancingMenTests.debug.xcconfig */ = {isa = PBXFileReference; includeInIndex = 1; lastKnownFileType = text.xcconfig; name = "Pods-DancingMenTests.debug.xcconfig"; path = "Pods/Target Support Files/Pods-DancingMenTests/Pods-DancingMenTests.debug.xcconfig"; sourceTree = "<group>"; };
		D42A04571BF231F500700E6F /* KeypadViewController.swift */ = {isa = PBXFileReference; fileEncoding = 4; lastKnownFileType = sourcecode.swift; path = KeypadViewController.swift; sourceTree = "<group>"; tabWidth = 5; };
		D42A04591BF2AAFB00700E6F /* FontViewController.swift */ = {isa = PBXFileReference; fileEncoding = 4; lastKnownFileType = sourcecode.swift; path = FontViewController.swift; sourceTree = "<group>"; };
		D42A045C1BF4C68D00700E6F /* KeypadManager.swift */ = {isa = PBXFileReference; fileEncoding = 4; lastKnownFileType = sourcecode.swift; path = KeypadManager.swift; sourceTree = "<group>"; };
		D42A045F1BF4DC2E00700E6F /* PlaintextViewController.swift */ = {isa = PBXFileReference; fileEncoding = 4; lastKnownFileType = sourcecode.swift; path = PlaintextViewController.swift; sourceTree = "<group>"; };
		D44C55181C0F69B400ED77F1 /* GameViewController.swift */ = {isa = PBXFileReference; fileEncoding = 4; lastKnownFileType = sourcecode.swift; path = GameViewController.swift; sourceTree = "<group>"; };
		D44C551A1C0F6DF200ED77F1 /* GameManager.swift */ = {isa = PBXFileReference; fileEncoding = 4; lastKnownFileType = sourcecode.swift; path = GameManager.swift; sourceTree = "<group>"; };
		D44C551C1C10CA7200ED77F1 /* DataManager.swift */ = {isa = PBXFileReference; fileEncoding = 4; lastKnownFileType = sourcecode.swift; path = DataManager.swift; sourceTree = "<group>"; };
		D4EFE14C1BE8E27600672746 /* DancingMen.app */ = {isa = PBXFileReference; explicitFileType = wrapper.application; includeInIndex = 0; path = DancingMen.app; sourceTree = BUILT_PRODUCTS_DIR; };
		D4EFE1501BE8E27600672746 /* Info.plist */ = {isa = PBXFileReference; lastKnownFileType = text.plist.xml; path = Info.plist; sourceTree = "<group>"; };
		D4EFE1511BE8E27600672746 /* AppDelegate.swift */ = {isa = PBXFileReference; lastKnownFileType = sourcecode.swift; path = AppDelegate.swift; sourceTree = "<group>"; };
		D4EFE1541BE8E27600672746 /* DancingMen.xcdatamodel */ = {isa = PBXFileReference; lastKnownFileType = wrapper.xcdatamodel; path = DancingMen.xcdatamodel; sourceTree = "<group>"; };
		D4EFE1561BE8E27600672746 /* ViewController.swift */ = {isa = PBXFileReference; lastKnownFileType = sourcecode.swift; path = ViewController.swift; sourceTree = "<group>"; };
		D4EFE1591BE8E27600672746 /* Base */ = {isa = PBXFileReference; lastKnownFileType = file.storyboard; name = Base; path = Base.lproj/Main.storyboard; sourceTree = "<group>"; };
		D4EFE15B1BE8E27600672746 /* Images.xcassets */ = {isa = PBXFileReference; lastKnownFileType = folder.assetcatalog; path = Images.xcassets; sourceTree = "<group>"; };
		D4EFE15E1BE8E27600672746 /* Base */ = {isa = PBXFileReference; lastKnownFileType = file.xib; name = Base; path = Base.lproj/LaunchScreen.xib; sourceTree = "<group>"; };
		D4EFE1641BE8E27600672746 /* DancingMenTests.xctest */ = {isa = PBXFileReference; explicitFileType = wrapper.cfbundle; includeInIndex = 0; path = DancingMenTests.xctest; sourceTree = BUILT_PRODUCTS_DIR; };
		D4EFE1691BE8E27600672746 /* Info.plist */ = {isa = PBXFileReference; lastKnownFileType = text.plist.xml; path = Info.plist; sourceTree = "<group>"; };
		D4EFE16A1BE8E27600672746 /* DancingMenTests.swift */ = {isa = PBXFileReference; lastKnownFileType = sourcecode.swift; path = DancingMenTests.swift; sourceTree = "<group>"; };
		D4EFE18A1BE906B800672746 /* FontManager.swift */ = {isa = PBXFileReference; fileEncoding = 4; lastKnownFileType = sourcecode.swift; path = FontManager.swift; sourceTree = "<group>"; };
		D4EFE18C1BE9079100672746 /* Semaphore.swift */ = {isa = PBXFileReference; fileEncoding = 4; lastKnownFileType = sourcecode.swift; path = Semaphore.swift; sourceTree = "<group>"; };
		D4EFE18E1BE907BC00672746 /* FontProtocol.swift */ = {isa = PBXFileReference; fileEncoding = 4; lastKnownFileType = sourcecode.swift; path = FontProtocol.swift; sourceTree = "<group>"; };
		D4EFE1911BE9085C00672746 /* DancingMen.swift */ = {isa = PBXFileReference; fileEncoding = 4; lastKnownFileType = sourcecode.swift; path = DancingMen.swift; sourceTree = "<group>"; };
		D4EFE1931BE908B800672746 /* Morse.swift */ = {isa = PBXFileReference; fileEncoding = 4; lastKnownFileType = sourcecode.swift; path = Morse.swift; sourceTree = "<group>"; };
		D4EFE1951BE908EC00672746 /* Masonic.swift */ = {isa = PBXFileReference; fileEncoding = 4; lastKnownFileType = sourcecode.swift; path = Masonic.swift; sourceTree = "<group>"; };
		D4EFE1971BE9091800672746 /* Braille.swift */ = {isa = PBXFileReference; fileEncoding = 4; lastKnownFileType = sourcecode.swift; path = Braille.swift; sourceTree = "<group>"; };
		D4EFE19B1BE9099100672746 /* Maritime.swift */ = {isa = PBXFileReference; fileEncoding = 4; lastKnownFileType = sourcecode.swift; path = Maritime.swift; sourceTree = "<group>"; };
		D4EFE19D1BE918A500672746 /* DancingMen.ttf */ = {isa = PBXFileReference; lastKnownFileType = file; path = DancingMen.ttf; sourceTree = "<group>"; };
		D4EFE19E1BE918A500672746 /* Maritime.ttf */ = {isa = PBXFileReference; lastKnownFileType = file; path = Maritime.ttf; sourceTree = "<group>"; };
		D4EFE19F1BE918A500672746 /* Masonic.ttf */ = {isa = PBXFileReference; lastKnownFileType = file; path = Masonic.ttf; sourceTree = "<group>"; };
		D4EFE1A01BE918A500672746 /* Morse.ttf */ = {isa = PBXFileReference; lastKnownFileType = file; path = Morse.ttf; sourceTree = "<group>"; };
		D4EFE1A11BE918A500672746 /* Semaphore.ttf */ = {isa = PBXFileReference; lastKnownFileType = file; path = Semaphore.ttf; sourceTree = "<group>"; };
		D4EFE1A21BE918A500672746 /* Swell-Braille.ttf */ = {isa = PBXFileReference; lastKnownFileType = file; path = "Swell-Braille.ttf"; sourceTree = "<group>"; };
		F0DBCA9826E156681C910EBB /* Pods-DancingMenTests.release.xcconfig */ = {isa = PBXFileReference; includeInIndex = 1; lastKnownFileType = text.xcconfig; name = "Pods-DancingMenTests.release.xcconfig"; path = "Pods/Target Support Files/Pods-DancingMenTests/Pods-DancingMenTests.release.xcconfig"; sourceTree = "<group>"; };
		F9ADF3A54FF0EDC5FA0EBFEC /* Pods-DancingMen.release.xcconfig */ = {isa = PBXFileReference; includeInIndex = 1; lastKnownFileType = text.xcconfig; name = "Pods-DancingMen.release.xcconfig"; path = "Pods/Target Support Files/Pods-DancingMen/Pods-DancingMen.release.xcconfig"; sourceTree = "<group>"; };
/* End PBXFileReference section */

/* Begin PBXFrameworksBuildPhase section */
		D4EFE1491BE8E27600672746 /* Frameworks */ = {
			isa = PBXFrameworksBuildPhase;
			buildActionMask = 2147483647;
			files = (
				0DFDE32CA6D894C035A89678 /* Pods_DancingMen.framework in Frameworks */,
			);
			runOnlyForDeploymentPostprocessing = 0;
		};
		D4EFE1611BE8E27600672746 /* Frameworks */ = {
			isa = PBXFrameworksBuildPhase;
			buildActionMask = 2147483647;
			files = (
				284031F9267C5F56F9FEEBBD /* Pods_DancingMenTests.framework in Frameworks */,
			);
			runOnlyForDeploymentPostprocessing = 0;
		};
/* End PBXFrameworksBuildPhase section */

/* Begin PBXGroup section */
		1745CB7F86BD3380B281EAEF /* Frameworks */ = {
			isa = PBXGroup;
			children = (
				68787554BC944BBE698AECD3 /* Pods_DancingMen.framework */,
				22711D6373DC066243E92070 /* Pods_DancingMenTests.framework */,
			);
			name = Frameworks;
			sourceTree = "<group>";
		};
		83827CE06931ED7D8142AEC7 /* Pods */ = {
			isa = PBXGroup;
			children = (
				2EC1CDAA8B129EC412E16ECB /* Pods-DancingMen.debug.xcconfig */,
				F9ADF3A54FF0EDC5FA0EBFEC /* Pods-DancingMen.release.xcconfig */,
				B4BB54F20406056E544D00E4 /* Pods-DancingMenTests.debug.xcconfig */,
				F0DBCA9826E156681C910EBB /* Pods-DancingMenTests.release.xcconfig */,
			);
			name = Pods;
			sourceTree = "<group>";
		};
		D42A045B1BF4C67900700E6F /* Models */ = {
			isa = PBXGroup;
			children = (
				D44C551A1C0F6DF200ED77F1 /* GameManager.swift */,
				D4EFE18A1BE906B800672746 /* FontManager.swift */,
				D4EFE18E1BE907BC00672746 /* FontProtocol.swift */,
				D4EFE1901BE907E100672746 /* Fonts */,
				D42A045C1BF4C68D00700E6F /* KeypadManager.swift */,
				D44C551C1C10CA7200ED77F1 /* DataManager.swift */,
			);
			name = Models;
			sourceTree = "<group>";
		};
		D42A045E1BF4DC0500700E6F /* Controllers */ = {
			isa = PBXGroup;
			children = (
				D4EFE1561BE8E27600672746 /* ViewController.swift */,
				D42A04571BF231F500700E6F /* KeypadViewController.swift */,
				D42A04591BF2AAFB00700E6F /* FontViewController.swift */,
				D42A045F1BF4DC2E00700E6F /* PlaintextViewController.swift */,
				D44C55181C0F69B400ED77F1 /* GameViewController.swift */,
			);
			name = Controllers;
			sourceTree = "<group>";
		};
		D4EFE1431BE8E27600672746 = {
			isa = PBXGroup;
			children = (
				D4EFE14E1BE8E27600672746 /* DancingMen */,
				D4EFE1671BE8E27600672746 /* DancingMenTests */,
				D4EFE14D1BE8E27600672746 /* Products */,
				83827CE06931ED7D8142AEC7 /* Pods */,
				1745CB7F86BD3380B281EAEF /* Frameworks */,
			);
			sourceTree = "<group>";
		};
		D4EFE14D1BE8E27600672746 /* Products */ = {
			isa = PBXGroup;
			children = (
				D4EFE14C1BE8E27600672746 /* DancingMen.app */,
				D4EFE1641BE8E27600672746 /* DancingMenTests.xctest */,
			);
			name = Products;
			sourceTree = "<group>";
		};
		D4EFE14E1BE8E27600672746 /* DancingMen */ = {
			isa = PBXGroup;
			children = (
				D4EFE1511BE8E27600672746 /* AppDelegate.swift */,
				D42A045B1BF4C67900700E6F /* Models */,
				D42A045E1BF4DC0500700E6F /* Controllers */,
				D4EFE1581BE8E27600672746 /* Main.storyboard */,
				D4EFE15B1BE8E27600672746 /* Images.xcassets */,
				D4EFE15D1BE8E27600672746 /* LaunchScreen.xib */,
				D4EFE1531BE8E27600672746 /* DancingMen.xcdatamodeld */,
				D4EFE14F1BE8E27600672746 /* Supporting Files */,
			);
			path = DancingMen;
			sourceTree = "<group>";
		};
		D4EFE14F1BE8E27600672746 /* Supporting Files */ = {
			isa = PBXGroup;
			children = (
				D4EFE19D1BE918A500672746 /* DancingMen.ttf */,
				D4EFE19E1BE918A500672746 /* Maritime.ttf */,
				D4EFE19F1BE918A500672746 /* Masonic.ttf */,
				D4EFE1A01BE918A500672746 /* Morse.ttf */,
				D4EFE1A11BE918A500672746 /* Semaphore.ttf */,
				D4EFE1A21BE918A500672746 /* Swell-Braille.ttf */,
				D4EFE1501BE8E27600672746 /* Info.plist */,
			);
			name = "Supporting Files";
			sourceTree = "<group>";
		};
		D4EFE1671BE8E27600672746 /* DancingMenTests */ = {
			isa = PBXGroup;
			children = (
				D4EFE16A1BE8E27600672746 /* DancingMenTests.swift */,
				D4EFE1681BE8E27600672746 /* Supporting Files */,
			);
			path = DancingMenTests;
			sourceTree = "<group>";
		};
		D4EFE1681BE8E27600672746 /* Supporting Files */ = {
			isa = PBXGroup;
			children = (
				D4EFE1691BE8E27600672746 /* Info.plist */,
			);
			name = "Supporting Files";
			sourceTree = "<group>";
		};
		D4EFE1901BE907E100672746 /* Fonts */ = {
			isa = PBXGroup;
			children = (
				D4EFE19B1BE9099100672746 /* Maritime.swift */,
				D4EFE1931BE908B800672746 /* Morse.swift */,
				D4EFE1951BE908EC00672746 /* Masonic.swift */,
				D4EFE1971BE9091800672746 /* Braille.swift */,
				D4EFE18C1BE9079100672746 /* Semaphore.swift */,
				D4EFE1911BE9085C00672746 /* DancingMen.swift */,
			);
			name = Fonts;
			sourceTree = "<group>";
		};
/* End PBXGroup section */

/* Begin PBXNativeTarget section */
		D4EFE14B1BE8E27600672746 /* DancingMen */ = {
			isa = PBXNativeTarget;
			buildConfigurationList = D4EFE16E1BE8E27600672746 /* Build configuration list for PBXNativeTarget "DancingMen" */;
			buildPhases = (
				897A05E8D89B2B281349096B /* Check Pods Manifest.lock */,
				D4EFE1481BE8E27600672746 /* Sources */,
				D4EFE1491BE8E27600672746 /* Frameworks */,
				D4EFE14A1BE8E27600672746 /* Resources */,
				E84D638C5805E704940AD1F6 /* Embed Pods Frameworks */,
				0B24EA1D189F37C1D753D295 /* Copy Pods Resources */,
			);
			buildRules = (
			);
			dependencies = (
			);
			name = DancingMen;
			productName = DancingMen;
			productReference = D4EFE14C1BE8E27600672746 /* DancingMen.app */;
			productType = "com.apple.product-type.application";
		};
		D4EFE1631BE8E27600672746 /* DancingMenTests */ = {
			isa = PBXNativeTarget;
			buildConfigurationList = D4EFE1711BE8E27600672746 /* Build configuration list for PBXNativeTarget "DancingMenTests" */;
			buildPhases = (
				046AB1B76D894162FA1CC87C /* Check Pods Manifest.lock */,
				D4EFE1601BE8E27600672746 /* Sources */,
				D4EFE1611BE8E27600672746 /* Frameworks */,
				D4EFE1621BE8E27600672746 /* Resources */,
				8507903EB5EED416C0F1B7D6 /* Embed Pods Frameworks */,
				0324CC165DABC4B701A83E95 /* Copy Pods Resources */,
			);
			buildRules = (
			);
			dependencies = (
				D4EFE1661BE8E27600672746 /* PBXTargetDependency */,
			);
			name = DancingMenTests;
			productName = DancingMenTests;
			productReference = D4EFE1641BE8E27600672746 /* DancingMenTests.xctest */;
			productType = "com.apple.product-type.bundle.unit-test";
		};
/* End PBXNativeTarget section */

/* Begin PBXProject section */
		D4EFE1441BE8E27600672746 /* Project object */ = {
			isa = PBXProject;
			attributes = {
				LastSwiftUpdateCheck = 0720;
				LastUpgradeCheck = 0720;
				ORGANIZATIONNAME = TG;
				TargetAttributes = {
					D4EFE14B1BE8E27600672746 = {
						CreatedOnToolsVersion = 6.4;
						DevelopmentTeam = 2LQ4A68MU5;
					};
					D4EFE1631BE8E27600672746 = {
						CreatedOnToolsVersion = 6.4;
						TestTargetID = D4EFE14B1BE8E27600672746;
					};
				};
			};
			buildConfigurationList = D4EFE1471BE8E27600672746 /* Build configuration list for PBXProject "DancingMen" */;
			compatibilityVersion = "Xcode 3.2";
			developmentRegion = English;
			hasScannedForEncodings = 0;
			knownRegions = (
				en,
				Base,
			);
			mainGroup = D4EFE1431BE8E27600672746;
			productRefGroup = D4EFE14D1BE8E27600672746 /* Products */;
			projectDirPath = "";
			projectRoot = "";
			targets = (
				D4EFE14B1BE8E27600672746 /* DancingMen */,
				D4EFE1631BE8E27600672746 /* DancingMenTests */,
			);
		};
/* End PBXProject section */

/* Begin PBXResourcesBuildPhase section */
		D4EFE14A1BE8E27600672746 /* Resources */ = {
			isa = PBXResourcesBuildPhase;
			buildActionMask = 2147483647;
			files = (
				D4EFE15A1BE8E27600672746 /* Main.storyboard in Resources */,
				D4EFE15F1BE8E27600672746 /* LaunchScreen.xib in Resources */,
				D4EFE1A71BE918A500672746 /* Semaphore.ttf in Resources */,
				D4EFE1A81BE918A500672746 /* Swell-Braille.ttf in Resources */,
				D4EFE1A61BE918A500672746 /* Morse.ttf in Resources */,
				D4EFE1A41BE918A500672746 /* Maritime.ttf in Resources */,
				D4EFE1A51BE918A500672746 /* Masonic.ttf in Resources */,
				D4EFE1A31BE918A500672746 /* DancingMen.ttf in Resources */,
				D4EFE15C1BE8E27600672746 /* Images.xcassets in Resources */,
			);
			runOnlyForDeploymentPostprocessing = 0;
		};
		D4EFE1621BE8E27600672746 /* Resources */ = {
			isa = PBXResourcesBuildPhase;
			buildActionMask = 2147483647;
			files = (
			);
			runOnlyForDeploymentPostprocessing = 0;
		};
/* End PBXResourcesBuildPhase section */

/* Begin PBXShellScriptBuildPhase section */
		0324CC165DABC4B701A83E95 /* Copy Pods Resources */ = {
			isa = PBXShellScriptBuildPhase;
			buildActionMask = 2147483647;
			files = (
			);
			inputPaths = (
			);
			name = "Copy Pods Resources";
			outputPaths = (
			);
			runOnlyForDeploymentPostprocessing = 0;
			shellPath = /bin/sh;
			shellScript = "\"${SRCROOT}/Pods/Target Support Files/Pods-DancingMenTests/Pods-DancingMenTests-resources.sh\"\n";
			showEnvVarsInLog = 0;
		};
		046AB1B76D894162FA1CC87C /* Check Pods Manifest.lock */ = {
			isa = PBXShellScriptBuildPhase;
			buildActionMask = 2147483647;
			files = (
			);
			inputPaths = (
			);
			name = "Check Pods Manifest.lock";
			outputPaths = (
			);
			runOnlyForDeploymentPostprocessing = 0;
			shellPath = /bin/sh;
			shellScript = "diff \"${PODS_ROOT}/../Podfile.lock\" \"${PODS_ROOT}/Manifest.lock\" > /dev/null\nif [[ $? != 0 ]] ; then\n    cat << EOM\nerror: The sandbox is not in sync with the Podfile.lock. Run 'pod install' or update your CocoaPods installation.\nEOM\n    exit 1\nfi\n";
			showEnvVarsInLog = 0;
		};
		0B24EA1D189F37C1D753D295 /* Copy Pods Resources */ = {
			isa = PBXShellScriptBuildPhase;
			buildActionMask = 2147483647;
			files = (
			);
			inputPaths = (
			);
			name = "Copy Pods Resources";
			outputPaths = (
			);
			runOnlyForDeploymentPostprocessing = 0;
			shellPath = /bin/sh;
			shellScript = "\"${SRCROOT}/Pods/Target Support Files/Pods-DancingMen/Pods-DancingMen-resources.sh\"\n";
			showEnvVarsInLog = 0;
		};
		8507903EB5EED416C0F1B7D6 /* Embed Pods Frameworks */ = {
			isa = PBXShellScriptBuildPhase;
			buildActionMask = 2147483647;
			files = (
			);
			inputPaths = (
			);
			name = "Embed Pods Frameworks";
			outputPaths = (
			);
			runOnlyForDeploymentPostprocessing = 0;
			shellPath = /bin/sh;
			shellScript = "\"${SRCROOT}/Pods/Target Support Files/Pods-DancingMenTests/Pods-DancingMenTests-frameworks.sh\"\n";
			showEnvVarsInLog = 0;
		};
		897A05E8D89B2B281349096B /* Check Pods Manifest.lock */ = {
			isa = PBXShellScriptBuildPhase;
			buildActionMask = 2147483647;
			files = (
			);
			inputPaths = (
			);
			name = "Check Pods Manifest.lock";
			outputPaths = (
			);
			runOnlyForDeploymentPostprocessing = 0;
			shellPath = /bin/sh;
			shellScript = "diff \"${PODS_ROOT}/../Podfile.lock\" \"${PODS_ROOT}/Manifest.lock\" > /dev/null\nif [[ $? != 0 ]] ; then\n    cat << EOM\nerror: The sandbox is not in sync with the Podfile.lock. Run 'pod install' or update your CocoaPods installation.\nEOM\n    exit 1\nfi\n";
			showEnvVarsInLog = 0;
		};
		E84D638C5805E704940AD1F6 /* Embed Pods Frameworks */ = {
			isa = PBXShellScriptBuildPhase;
			buildActionMask = 2147483647;
			files = (
			);
			inputPaths = (
			);
			name = "Embed Pods Frameworks";
			outputPaths = (
			);
			runOnlyForDeploymentPostprocessing = 0;
			shellPath = /bin/sh;
			shellScript = "\"${SRCROOT}/Pods/Target Support Files/Pods-DancingMen/Pods-DancingMen-frameworks.sh\"\n";
			showEnvVarsInLog = 0;
		};
/* End PBXShellScriptBuildPhase section */

/* Begin PBXSourcesBuildPhase section */
		D4EFE1481BE8E27600672746 /* Sources */ = {
			isa = PBXSourcesBuildPhase;
			buildActionMask = 2147483647;
			files = (
				D44C551B1C0F6DF200ED77F1 /* GameManager.swift in Sources */,
				D4EFE18B1BE906B800672746 /* FontManager.swift in Sources */,
				D42A045A1BF2AAFB00700E6F /* FontViewController.swift in Sources */,
				D42A04601BF4DC2E00700E6F /* PlaintextViewController.swift in Sources */,
				D4EFE1981BE9091800672746 /* Braille.swift in Sources */,
				D4EFE1961BE908EC00672746 /* Masonic.swift in Sources */,
				D4EFE1571BE8E27600672746 /* ViewController.swift in Sources */,
				D44C551D1C10CA7200ED77F1 /* DataManager.swift in Sources */,
				D4EFE18D1BE9079100672746 /* Semaphore.swift in Sources */,
				D4EFE1521BE8E27600672746 /* AppDelegate.swift in Sources */,
				D4EFE1941BE908B800672746 /* Morse.swift in Sources */,
				D4EFE1921BE9085C00672746 /* DancingMen.swift in Sources */,
				D4EFE18F1BE907BC00672746 /* FontProtocol.swift in Sources */,
				D4EFE19C1BE9099100672746 /* Maritime.swift in Sources */,
				D44C55191C0F69B400ED77F1 /* GameViewController.swift in Sources */,
				D42A045D1BF4C68D00700E6F /* KeypadManager.swift in Sources */,
				D42A04581BF231F500700E6F /* KeypadViewController.swift in Sources */,
				D4EFE1551BE8E27600672746 /* DancingMen.xcdatamodeld in Sources */,
			);
			runOnlyForDeploymentPostprocessing = 0;
		};
		D4EFE1601BE8E27600672746 /* Sources */ = {
			isa = PBXSourcesBuildPhase;
			buildActionMask = 2147483647;
			files = (
				D42A04671BF50CF500700E6F /* Morse.swift in Sources */,
				D42A046B1BF50CF500700E6F /* DancingMen.swift in Sources */,
				D42A046A1BF50CF500700E6F /* Semaphore.swift in Sources */,
				D42A04631BF50CC100700E6F /* FontManager.swift in Sources */,
				D42A04641BF50CED00700E6F /* FontProtocol.swift in Sources */,
				D42A04691BF50CF500700E6F /* Braille.swift in Sources */,
				D4EFE16B1BE8E27600672746 /* DancingMenTests.swift in Sources */,
				D42A04681BF50CF500700E6F /* Masonic.swift in Sources */,
				D42A04661BF50CF500700E6F /* Maritime.swift in Sources */,
				D42A04651BF50CEF00700E6F /* KeypadManager.swift in Sources */,
			);
			runOnlyForDeploymentPostprocessing = 0;
		};
/* End PBXSourcesBuildPhase section */

/* Begin PBXTargetDependency section */
		D4EFE1661BE8E27600672746 /* PBXTargetDependency */ = {
			isa = PBXTargetDependency;
			target = D4EFE14B1BE8E27600672746 /* DancingMen */;
			targetProxy = D4EFE1651BE8E27600672746 /* PBXContainerItemProxy */;
		};
/* End PBXTargetDependency section */

/* Begin PBXVariantGroup section */
		D4EFE1581BE8E27600672746 /* Main.storyboard */ = {
			isa = PBXVariantGroup;
			children = (
				D4EFE1591BE8E27600672746 /* Base */,
			);
			name = Main.storyboard;
			sourceTree = "<group>";
		};
		D4EFE15D1BE8E27600672746 /* LaunchScreen.xib */ = {
			isa = PBXVariantGroup;
			children = (
				D4EFE15E1BE8E27600672746 /* Base */,
			);
			name = LaunchScreen.xib;
			sourceTree = "<group>";
		};
/* End PBXVariantGroup section */

/* Begin XCBuildConfiguration section */
		D4EFE16C1BE8E27600672746 /* Debug */ = {
			isa = XCBuildConfiguration;
			buildSettings = {
				ALWAYS_SEARCH_USER_PATHS = NO;
				CLANG_CXX_LANGUAGE_STANDARD = "gnu++0x";
				CLANG_CXX_LIBRARY = "libc++";
				CLANG_ENABLE_MODULES = YES;
				CLANG_ENABLE_OBJC_ARC = YES;
				CLANG_WARN_BOOL_CONVERSION = YES;
				CLANG_WARN_CONSTANT_CONVERSION = YES;
				CLANG_WARN_DIRECT_OBJC_ISA_USAGE = YES_ERROR;
				CLANG_WARN_EMPTY_BODY = YES;
				CLANG_WARN_ENUM_CONVERSION = YES;
				CLANG_WARN_INT_CONVERSION = YES;
				CLANG_WARN_OBJC_ROOT_CLASS = YES_ERROR;
				CLANG_WARN_UNREACHABLE_CODE = YES;
				CLANG_WARN__DUPLICATE_METHOD_MATCH = YES;
				"CODE_SIGN_IDENTITY[sdk=iphoneos*]" = "iPhone Developer";
				COPY_PHASE_STRIP = NO;
				DEBUG_INFORMATION_FORMAT = "dwarf-with-dsym";
				ENABLE_STRICT_OBJC_MSGSEND = YES;
				ENABLE_TESTABILITY = YES;
				GCC_C_LANGUAGE_STANDARD = gnu99;
				GCC_DYNAMIC_NO_PIC = NO;
				GCC_NO_COMMON_BLOCKS = YES;
				GCC_OPTIMIZATION_LEVEL = 0;
				GCC_PREPROCESSOR_DEFINITIONS = (
					"DEBUG=1",
					"$(inherited)",
				);
				GCC_SYMBOLS_PRIVATE_EXTERN = NO;
				GCC_WARN_64_TO_32_BIT_CONVERSION = YES;
				GCC_WARN_ABOUT_RETURN_TYPE = YES_ERROR;
				GCC_WARN_UNDECLARED_SELECTOR = YES;
				GCC_WARN_UNINITIALIZED_AUTOS = YES_AGGRESSIVE;
				GCC_WARN_UNUSED_FUNCTION = YES;
				GCC_WARN_UNUSED_VARIABLE = YES;
				IPHONEOS_DEPLOYMENT_TARGET = 9.2;
				MTL_ENABLE_DEBUG_INFO = YES;
				ONLY_ACTIVE_ARCH = YES;
				SDKROOT = iphoneos;
				SWIFT_OPTIMIZATION_LEVEL = "-Onone";
				TARGETED_DEVICE_FAMILY = "1,2";
			};
			name = Debug;
		};
		D4EFE16D1BE8E27600672746 /* Release */ = {
			isa = XCBuildConfiguration;
			buildSettings = {
				ALWAYS_SEARCH_USER_PATHS = NO;
				CLANG_CXX_LANGUAGE_STANDARD = "gnu++0x";
				CLANG_CXX_LIBRARY = "libc++";
				CLANG_ENABLE_MODULES = YES;
				CLANG_ENABLE_OBJC_ARC = YES;
				CLANG_WARN_BOOL_CONVERSION = YES;
				CLANG_WARN_CONSTANT_CONVERSION = YES;
				CLANG_WARN_DIRECT_OBJC_ISA_USAGE = YES_ERROR;
				CLANG_WARN_EMPTY_BODY = YES;
				CLANG_WARN_ENUM_CONVERSION = YES;
				CLANG_WARN_INT_CONVERSION = YES;
				CLANG_WARN_OBJC_ROOT_CLASS = YES_ERROR;
				CLANG_WARN_UNREACHABLE_CODE = YES;
				CLANG_WARN__DUPLICATE_METHOD_MATCH = YES;
				"CODE_SIGN_IDENTITY[sdk=iphoneos*]" = "iPhone Developer";
				COPY_PHASE_STRIP = NO;
				DEBUG_INFORMATION_FORMAT = "dwarf-with-dsym";
				ENABLE_NS_ASSERTIONS = NO;
				ENABLE_STRICT_OBJC_MSGSEND = YES;
				GCC_C_LANGUAGE_STANDARD = gnu99;
				GCC_NO_COMMON_BLOCKS = YES;
				GCC_WARN_64_TO_32_BIT_CONVERSION = YES;
				GCC_WARN_ABOUT_RETURN_TYPE = YES_ERROR;
				GCC_WARN_UNDECLARED_SELECTOR = YES;
				GCC_WARN_UNINITIALIZED_AUTOS = YES_AGGRESSIVE;
				GCC_WARN_UNUSED_FUNCTION = YES;
				GCC_WARN_UNUSED_VARIABLE = YES;
				IPHONEOS_DEPLOYMENT_TARGET = 9.2;
				MTL_ENABLE_DEBUG_INFO = NO;
				SDKROOT = iphoneos;
				TARGETED_DEVICE_FAMILY = "1,2";
				VALIDATE_PRODUCT = YES;
			};
			name = Release;
		};
		D4EFE16F1BE8E27600672746 /* Debug */ = {
			isa = XCBuildConfiguration;
			baseConfigurationReference = 2EC1CDAA8B129EC412E16ECB /* Pods-DancingMen.debug.xcconfig */;
			buildSettings = {
				ASSETCATALOG_COMPILER_APPICON_NAME = AppIcon;
				CODE_SIGN_IDENTITY = "iPhone Developer";
				"CODE_SIGN_IDENTITY[sdk=iphoneos*]" = "iPhone Developer";
				INFOPLIST_FILE = DancingMen/Info.plist;
				LD_RUNPATH_SEARCH_PATHS = "$(inherited) @executable_path/Frameworks";
				PRODUCT_BUNDLE_IDENTIFIER = "TG.$(PRODUCT_NAME:rfc1034identifier)";
				PRODUCT_NAME = "$(TARGET_NAME)";
				PROVISIONING_PROFILE = "";
			};
			name = Debug;
		};
		D4EFE1701BE8E27600672746 /* Release */ = {
			isa = XCBuildConfiguration;
			baseConfigurationReference = F9ADF3A54FF0EDC5FA0EBFEC /* Pods-DancingMen.release.xcconfig */;
			buildSettings = {
				ASSETCATALOG_COMPILER_APPICON_NAME = AppIcon;
				CODE_SIGN_IDENTITY = "iPhone Developer";
				"CODE_SIGN_IDENTITY[sdk=iphoneos*]" = "iPhone Developer";
				INFOPLIST_FILE = DancingMen/Info.plist;
				LD_RUNPATH_SEARCH_PATHS = "$(inherited) @executable_path/Frameworks";
				PRODUCT_BUNDLE_IDENTIFIER = "TG.$(PRODUCT_NAME:rfc1034identifier)";
				PRODUCT_NAME = "$(TARGET_NAME)";
				PROVISIONING_PROFILE = "";
			};
			name = Release;
		};
		D4EFE1721BE8E27600672746 /* Debug */ = {
			isa = XCBuildConfiguration;
			baseConfigurationReference = B4BB54F20406056E544D00E4 /* Pods-DancingMenTests.debug.xcconfig */;
			buildSettings = {
				BUNDLE_LOADER = "$(TEST_HOST)";
				FRAMEWORK_SEARCH_PATHS = (
					"$(SDKROOT)/Developer/Library/Frameworks",
					"$(inherited)",
				);
				GCC_PREPROCESSOR_DEFINITIONS = (
					"DEBUG=1",
					"$(inherited)",
				);
				INFOPLIST_FILE = DancingMenTests/Info.plist;
				LD_RUNPATH_SEARCH_PATHS = "$(inherited) @executable_path/Frameworks @loader_path/Frameworks";
				PRODUCT_BUNDLE_IDENTIFIER = "TG.$(PRODUCT_NAME:rfc1034identifier)";
				PRODUCT_NAME = "$(TARGET_NAME)";
				TEST_HOST = "$(BUILT_PRODUCTS_DIR)/DancingMen.app/DancingMen";
			};
			name = Debug;
		};
		D4EFE1731BE8E27600672746 /* Release */ = {
			isa = XCBuildConfiguration;
			baseConfigurationReference = F0DBCA9826E156681C910EBB /* Pods-DancingMenTests.release.xcconfig */;
			buildSettings = {
				BUNDLE_LOADER = "$(TEST_HOST)";
				FRAMEWORK_SEARCH_PATHS = (
					"$(SDKROOT)/Developer/Library/Frameworks",
					"$(inherited)",
				);
				INFOPLIST_FILE = DancingMenTests/Info.plist;
				LD_RUNPATH_SEARCH_PATHS = "$(inherited) @executable_path/Frameworks @loader_path/Frameworks";
				PRODUCT_BUNDLE_IDENTIFIER = "TG.$(PRODUCT_NAME:rfc1034identifier)";
				PRODUCT_NAME = "$(TARGET_NAME)";
				TEST_HOST = "$(BUILT_PRODUCTS_DIR)/DancingMen.app/DancingMen";
			};
			name = Release;
		};
/* End XCBuildConfiguration section */

/* Begin XCConfigurationList section */
		D4EFE1471BE8E27600672746 /* Build configuration list for PBXProject "DancingMen" */ = {
			isa = XCConfigurationList;
			buildConfigurations = (
				D4EFE16C1BE8E27600672746 /* Debug */,
				D4EFE16D1BE8E27600672746 /* Release */,
			);
			defaultConfigurationIsVisible = 0;
			defaultConfigurationName = Release;
		};
		D4EFE16E1BE8E27600672746 /* Build configuration list for PBXNativeTarget "DancingMen" */ = {
			isa = XCConfigurationList;
			buildConfigurations = (
				D4EFE16F1BE8E27600672746 /* Debug */,
				D4EFE1701BE8E27600672746 /* Release */,
			);
			defaultConfigurationIsVisible = 0;
			defaultConfigurationName = Release;
		};
		D4EFE1711BE8E27600672746 /* Build configuration list for PBXNativeTarget "DancingMenTests" */ = {
			isa = XCConfigurationList;
			buildConfigurations = (
				D4EFE1721BE8E27600672746 /* Debug */,
				D4EFE1731BE8E27600672746 /* Release */,
			);
			defaultConfigurationIsVisible = 0;
			defaultConfigurationName = Release;
		};
/* End XCConfigurationList section */

/* Begin XCVersionGroup section */
		D4EFE1531BE8E27600672746 /* DancingMen.xcdatamodeld */ = {
			isa = XCVersionGroup;
			children = (
				D4EFE1541BE8E27600672746 /* DancingMen.xcdatamodel */,
			);
			currentVersion = D4EFE1541BE8E27600672746 /* DancingMen.xcdatamodel */;
			path = DancingMen.xcdatamodeld;
			sourceTree = "<group>";
			versionGroupType = wrapper.xcdatamodel;
		};
/* End XCVersionGroup section */
	};
	rootObject = D4EFE1441BE8E27600672746 /* Project object */;
}
