// !$*UTF8*$!
{
	archiveVersion = 1;
	classes = {
	};
	objectVersion = 46;
	objects = {

/* Begin PBXBuildFile section */
		D4EFE1521BE8E27600672746 /* AppDelegate.swift in Sources */ = {isa = PBXBuildFile; fileRef = D4EFE1511BE8E27600672746 /* AppDelegate.swift */; };
		D4EFE1551BE8E27600672746 /* DancingMen.xcdatamodeld in Sources */ = {isa = PBXBuildFile; fileRef = D4EFE1531BE8E27600672746 /* DancingMen.xcdatamodeld */; };
		D4EFE1571BE8E27600672746 /* ViewController.swift in Sources */ = {isa = PBXBuildFile; fileRef = D4EFE1561BE8E27600672746 /* ViewController.swift */; };
		D4EFE15A1BE8E27600672746 /* Main.storyboard in Resources */ = {isa = PBXBuildFile; fileRef = D4EFE1581BE8E27600672746 /* Main.storyboard */; };
		D4EFE15C1BE8E27600672746 /* Images.xcassets in Resources */ = {isa = PBXBuildFile; fileRef = D4EFE15B1BE8E27600672746 /* Images.xcassets */; };
		D4EFE15F1BE8E27600672746 /* LaunchScreen.xib in Resources */ = {isa = PBXBuildFile; fileRef = D4EFE15D1BE8E27600672746 /* LaunchScreen.xib */; };
		D4EFE16B1BE8E27600672746 /* DancingMenTests.swift in Sources */ = {isa = PBXBuildFile; fileRef = D4EFE16A1BE8E27600672746 /* DancingMenTests.swift */; };
/* End PBXBuildFile section */

/* Begin PBXContainerItemProxy section */
		D4EFE1651BE8E27600672746 /* PBXContainerItemProxy */ = {
			isa = PBXContainerItemProxy;
			containerPortal = D4EFE1441BE8E27600672746 /* Project object */;
			proxyType = 1;
			remoteGlobalIDString = D4EFE14B1BE8E27600672746;
			remoteInfo = DancingMen;
		};
/* End PBXContainerItemProxy section */

/* Begin PBXFileReference section */
		D4EFE14C1BE8E27600672746 /* DancingMen.app */ = {isa = PBXFileReference; explicitFileType = wrapper.application; includeInIndex = 0; path = DancingMen.app; sourceTree = BUILT_PRODUCTS_DIR; };
		D4EFE1501BE8E27600672746 /* Info.plist */ = {isa = PBXFileReference; lastKnownFileType = text.plist.xml; path = Info.plist; sourceTree = "<group>"; };
		D4EFE1511BE8E27600672746 /* AppDelegate.swift */ = {isa = PBXFileReference; lastKnownFileType = sourcecode.swift; path = AppDelegate.swift; sourceTree = "<group>"; };
		D4EFE1541BE8E27600672746 /* DancingMen.xcdatamodel */ = {isa = PBXFileReference; lastKnownFileType = wrapper.xcdatamodel; path = DancingMen.xcdatamodel; sourceTree = "<group>"; };
		D4EFE1561BE8E27600672746 /* ViewController.swift */ = {isa = PBXFileReference; lastKnownFileType = sourcecode.swift; path = ViewController.swift; sourceTree = "<group>"; };
		D4EFE1591BE8E27600672746 /* Base */ = {isa = PBXFileReference; lastKnownFileType = file.storyboard; name = Base; path = Base.lproj/Main.storyboard; sourceTree = "<group>"; };
		D4EFE15B1BE8E27600672746 /* Images.xcassets */ = {isa = PBXFileReference; lastKnownFileType = folder.assetcatalog; path = Images.xcassets; sourceTree = "<group>"; };
		D4EFE15E1BE8E27600672746 /* Base */ = {isa = PBXFileReference; lastKnownFileType = file.xib; name = Base; path = Base.lproj/LaunchScreen.xib; sourceTree = "<group>"; };
		D4EFE1641BE8E27600672746 /* DancingMenTests.xctest */ = {isa = PBXFileReference; explicitFileType = wrapper.cfbundle; includeInIndex = 0; path = DancingMenTests.xctest; sourceTree = BUILT_PRODUCTS_DIR; };
		D4EFE1691BE8E27600672746 /* Info.plist */ = {isa = PBXFileReference; lastKnownFileType = text.plist.xml; path = Info.plist; sourceTree = "<group>"; };
		D4EFE16A1BE8E27600672746 /* DancingMenTests.swift */ = {isa = PBXFileReference; lastKnownFileType = sourcecode.swift; path = DancingMenTests.swift; sourceTree = "<group>"; };
/* End PBXFileReference section */

/* Begin PBXFrameworksBuildPhase section */
		D4EFE1491BE8E27600672746 /* Frameworks */ = {
			isa = PBXFrameworksBuildPhase;
			buildActionMask = 2147483647;
			files = (
			);
			runOnlyForDeploymentPostprocessing = 0;
		};
		D4EFE1611BE8E27600672746 /* Frameworks */ = {
			isa = PBXFrameworksBuildPhase;
			buildActionMask = 2147483647;
			files = (
			);
			runOnlyForDeploymentPostprocessing = 0;
		};
/* End PBXFrameworksBuildPhase section */

/* Begin PBXGroup section */
		D4EFE1431BE8E27600672746 = {
			isa = PBXGroup;
			children = (
				D4EFE14E1BE8E27600672746 /* DancingMen */,
				D4EFE1671BE8E27600672746 /* DancingMenTests */,
				D4EFE14D1BE8E27600672746 /* Products */,
			);
			sourceTree = "<group>";
		};
		D4EFE14D1BE8E27600672746 /* Products */ = {
			isa = PBXGroup;
			children = (
				D4EFE14C1BE8E27600672746 /* DancingMen.app */,
				D4EFE1641BE8E27600672746 /* DancingMenTests.xctest */,
			);
			name = Products;
			sourceTree = "<group>";
		};
		D4EFE14E1BE8E27600672746 /* DancingMen */ = {
			isa = PBXGroup;
			children = (
				D4EFE1511BE8E27600672746 /* AppDelegate.swift */,
				D4EFE1561BE8E27600672746 /* ViewController.swift */,
				D4EFE1581BE8E27600672746 /* Main.storyboard */,
				D4EFE15B1BE8E27600672746 /* Images.xcassets */,
				D4EFE15D1BE8E27600672746 /* LaunchScreen.xib */,
				D4EFE1531BE8E27600672746 /* DancingMen.xcdatamodeld */,
				D4EFE14F1BE8E27600672746 /* Supporting Files */,
			);
			path = DancingMen;
			sourceTree = "<group>";
		};
		D4EFE14F1BE8E27600672746 /* Supporting Files */ = {
			isa = PBXGroup;
			children = (
				D4EFE1501BE8E27600672746 /* Info.plist */,
			);
			name = "Supporting Files";
			sourceTree = "<group>";
		};
		D4EFE1671BE8E27600672746 /* DancingMenTests */ = {
			isa = PBXGroup;
			children = (
				D4EFE16A1BE8E27600672746 /* DancingMenTests.swift */,
				D4EFE1681BE8E27600672746 /* Supporting Files */,
			);
			path = DancingMenTests;
			sourceTree = "<group>";
		};
		D4EFE1681BE8E27600672746 /* Supporting Files */ = {
			isa = PBXGroup;
			children = (
				D4EFE1691BE8E27600672746 /* Info.plist */,
			);
			name = "Supporting Files";
			sourceTree = "<group>";
		};
/* End PBXGroup section */

/* Begin PBXNativeTarget section */
		D4EFE14B1BE8E27600672746 /* DancingMen */ = {
			isa = PBXNativeTarget;
			buildConfigurationList = D4EFE16E1BE8E27600672746 /* Build configuration list for PBXNativeTarget "DancingMen" */;
			buildPhases = (
				D4EFE1481BE8E27600672746 /* Sources */,
				D4EFE1491BE8E27600672746 /* Frameworks */,
				D4EFE14A1BE8E27600672746 /* Resources */,
			);
			buildRules = (
			);
			dependencies = (
			);
			name = DancingMen;
			productName = DancingMen;
			productReference = D4EFE14C1BE8E27600672746 /* DancingMen.app */;
			productType = "com.apple.product-type.application";
		};
		D4EFE1631BE8E27600672746 /* DancingMenTests */ = {
			isa = PBXNativeTarget;
			buildConfigurationList = D4EFE1711BE8E27600672746 /* Build configuration list for PBXNativeTarget "DancingMenTests" */;
			buildPhases = (
				D4EFE1601BE8E27600672746 /* Sources */,
				D4EFE1611BE8E27600672746 /* Frameworks */,
				D4EFE1621BE8E27600672746 /* Resources */,
			);
			buildRules = (
			);
			dependencies = (
				D4EFE1661BE8E27600672746 /* PBXTargetDependency */,
			);
			name = DancingMenTests;
			productName = DancingMenTests;
			productReference = D4EFE1641BE8E27600672746 /* DancingMenTests.xctest */;
			productType = "com.apple.product-type.bundle.unit-test";
		};
/* End PBXNativeTarget section */

/* Begin PBXProject section */
		D4EFE1441BE8E27600672746 /* Project object */ = {
			isa = PBXProject;
			attributes = {
				LastUpgradeCheck = 0640;
				ORGANIZATIONNAME = TG;
				TargetAttributes = {
					D4EFE14B1BE8E27600672746 = {
						CreatedOnToolsVersion = 6.4;
					};
					D4EFE1631BE8E27600672746 = {
						CreatedOnToolsVersion = 6.4;
						TestTargetID = D4EFE14B1BE8E27600672746;
					};
				};
			};
			buildConfigurationList = D4EFE1471BE8E27600672746 /* Build configuration list for PBXProject "DancingMen" */;
			compatibilityVersion = "Xcode 3.2";
			developmentRegion = English;
			hasScannedForEncodings = 0;
			knownRegions = (
				en,
				Base,
			);
			mainGroup = D4EFE1431BE8E27600672746;
			productRefGroup = D4EFE14D1BE8E27600672746 /* Products */;
			projectDirPath = "";
			projectRoot = "";
			targets = (
				D4EFE14B1BE8E27600672746 /* DancingMen */,
				D4EFE1631BE8E27600672746 /* DancingMenTests */,
			);
		};
/* End PBXProject section */

/* Begin PBXResourcesBuildPhase section */
		D4EFE14A1BE8E27600672746 /* Resources */ = {
			isa = PBXResourcesBuildPhase;
			buildActionMask = 2147483647;
			files = (
				D4EFE15A1BE8E27600672746 /* Main.storyboard in Resources */,
				D4EFE15F1BE8E27600672746 /* LaunchScreen.xib in Resources */,
				D4EFE15C1BE8E27600672746 /* Images.xcassets in Resources */,
			);
			runOnlyForDeploymentPostprocessing = 0;
		};
		D4EFE1621BE8E27600672746 /* Resources */ = {
			isa = PBXResourcesBuildPhase;
			buildActionMask = 2147483647;
			files = (
			);
			runOnlyForDeploymentPostprocessing = 0;
		};
/* End PBXResourcesBuildPhase section */

/* Begin PBXSourcesBuildPhase section */
		D4EFE1481BE8E27600672746 /* Sources */ = {
			isa = PBXSourcesBuildPhase;
			buildActionMask = 2147483647;
			files = (
				D4EFE1571BE8E27600672746 /* ViewController.swift in Sources */,
				D4EFE1521BE8E27600672746 /* AppDelegate.swift in Sources */,
				D4EFE1551BE8E27600672746 /* DancingMen.xcdatamodeld in Sources */,
			);
			runOnlyForDeploymentPostprocessing = 0;
		};
		D4EFE1601BE8E27600672746 /* Sources */ = {
			isa = PBXSourcesBuildPhase;
			buildActionMask = 2147483647;
			files = (
				D4EFE16B1BE8E27600672746 /* DancingMenTests.swift in Sources */,
			);
			runOnlyForDeploymentPostprocessing = 0;
		};
/* End PBXSourcesBuildPhase section */

/* Begin PBXTargetDependency section */
		D4EFE1661BE8E27600672746 /* PBXTargetDependency */ = {
			isa = PBXTargetDependency;
			target = D4EFE14B1BE8E27600672746 /* DancingMen */;
			targetProxy = D4EFE1651BE8E27600672746 /* PBXContainerItemProxy */;
		};
/* End PBXTargetDependency section */

/* Begin PBXVariantGroup section */
		D4EFE1581BE8E27600672746 /* Main.storyboard */ = {
			isa = PBXVariantGroup;
			children = (
				D4EFE1591BE8E27600672746 /* Base */,
			);
			name = Main.storyboard;
			sourceTree = "<group>";
		};
		D4EFE15D1BE8E27600672746 /* LaunchScreen.xib */ = {
			isa = PBXVariantGroup;
			children = (
				D4EFE15E1BE8E27600672746 /* Base */,
			);
			name = LaunchScreen.xib;
			sourceTree = "<group>";
		};
/* End PBXVariantGroup section */

/* Begin XCBuildConfiguration section */
		D4EFE16C1BE8E27600672746 /* Debug */ = {
			isa = XCBuildConfiguration;
			buildSettings = {
				ALWAYS_SEARCH_USER_PATHS = NO;
				CLANG_CXX_LANGUAGE_STANDARD = "gnu++0x";
				CLANG_CXX_LIBRARY = "libc++";
				CLANG_ENABLE_MODULES = YES;
				CLANG_ENABLE_OBJC_ARC = YES;
				CLANG_WARN_BOOL_CONVERSION = YES;
				CLANG_WARN_CONSTANT_CONVERSION = YES;
				CLANG_WARN_DIRECT_OBJC_ISA_USAGE = YES_ERROR;
				CLANG_WARN_EMPTY_BODY = YES;
				CLANG_WARN_ENUM_CONVERSION = YES;
				CLANG_WARN_INT_CONVERSION = YES;
				CLANG_WARN_OBJC_ROOT_CLASS = YES_ERROR;
				CLANG_WARN_UNREACHABLE_CODE = YES;
				CLANG_WARN__DUPLICATE_METHOD_MATCH = YES;
				"CODE_SIGN_IDENTITY[sdk=iphoneos*]" = "iPhone Developer";
				COPY_PHASE_STRIP = NO;
				DEBUG_INFORMATION_FORMAT = "dwarf-with-dsym";
				ENABLE_STRICT_OBJC_MSGSEND = YES;
				GCC_C_LANGUAGE_STANDARD = gnu99;
				GCC_DYNAMIC_NO_PIC = NO;
				GCC_NO_COMMON_BLOCKS = YES;
				GCC_OPTIMIZATION_LEVEL = 0;
				GCC_PREPROCESSOR_DEFINITIONS = (
					"DEBUG=1",
					"$(inherited)",
				);
				GCC_SYMBOLS_PRIVATE_EXTERN = NO;
				GCC_WARN_64_TO_32_BIT_CONVERSION = YES;
				GCC_WARN_ABOUT_RETURN_TYPE = YES_ERROR;
				GCC_WARN_UNDECLARED_SELECTOR = YES;
				GCC_WARN_UNINITIALIZED_AUTOS = YES_AGGRESSIVE;
				GCC_WARN_UNUSED_FUNCTION = YES;
				GCC_WARN_UNUSED_VARIABLE = YES;
				IPHONEOS_DEPLOYMENT_TARGET = 8.4;
				MTL_ENABLE_DEBUG_INFO = YES;
				ONLY_ACTIVE_ARCH = YES;
				SDKROOT = iphoneos;
				SWIFT_OPTIMIZATION_LEVEL = "-Onone";
				TARGETED_DEVICE_FAMILY = "1,2";
			};
			name = Debug;
		};
		D4EFE16D1BE8E27600672746 /* Release */ = {
			isa = XCBuildConfiguration;
			buildSettings = {
				ALWAYS_SEARCH_USER_PATHS = NO;
				CLANG_CXX_LANGUAGE_STANDARD = "gnu++0x";
				CLANG_CXX_LIBRARY = "libc++";
				CLANG_ENABLE_MODULES = YES;
				CLANG_ENABLE_OBJC_ARC = YES;
				CLANG_WARN_BOOL_CONVERSION = YES;
				CLANG_WARN_CONSTANT_CONVERSION = YES;
				CLANG_WARN_DIRECT_OBJC_ISA_USAGE = YES_ERROR;
				CLANG_WARN_EMPTY_BODY = YES;
				CLANG_WARN_ENUM_CONVERSION = YES;
				CLANG_WARN_INT_CONVERSION = YES;
				CLANG_WARN_OBJC_ROOT_CLASS = YES_ERROR;
				CLANG_WARN_UNREACHABLE_CODE = YES;
				CLANG_WARN__DUPLICATE_METHOD_MATCH = YES;
				"CODE_SIGN_IDENTITY[sdk=iphoneos*]" = "iPhone Developer";
				COPY_PHASE_STRIP = NO;
				DEBUG_INFORMATION_FORMAT = "dwarf-with-dsym";
				ENABLE_NS_ASSERTIONS = NO;
				ENABLE_STRICT_OBJC_MSGSEND = YES;
				GCC_C_LANGUAGE_STANDARD = gnu99;
				GCC_NO_COMMON_BLOCKS = YES;
				GCC_WARN_64_TO_32_BIT_CONVERSION = YES;
				GCC_WARN_ABOUT_RETURN_TYPE = YES_ERROR;
				GCC_WARN_UNDECLARED_SELECTOR = YES;
				GCC_WARN_UNINITIALIZED_AUTOS = YES_AGGRESSIVE;
				GCC_WARN_UNUSED_FUNCTION = YES;
				GCC_WARN_UNUSED_VARIABLE = YES;
				IPHONEOS_DEPLOYMENT_TARGET = 8.4;
				MTL_ENABLE_DEBUG_INFO = NO;
				SDKROOT = iphoneos;
				TARGETED_DEVICE_FAMILY = "1,2";
				VALIDATE_PRODUCT = YES;
			};
			name = Release;
		};
		D4EFE16F1BE8E27600672746 /* Debug */ = {
			isa = XCBuildConfiguration;
			buildSettings = {
				ASSETCATALOG_COMPILER_APPICON_NAME = AppIcon;
				INFOPLIST_FILE = DancingMen/Info.plist;
				LD_RUNPATH_SEARCH_PATHS = "$(inherited) @executable_path/Frameworks";
				PRODUCT_NAME = "$(TARGET_NAME)";
			};
			name = Debug;
		};
		D4EFE1701BE8E27600672746 /* Release */ = {
			isa = XCBuildConfiguration;
			buildSettings = {
				ASSETCATALOG_COMPILER_APPICON_NAME = AppIcon;
				INFOPLIST_FILE = DancingMen/Info.plist;
				LD_RUNPATH_SEARCH_PATHS = "$(inherited) @executable_path/Frameworks";
				PRODUCT_NAME = "$(TARGET_NAME)";
			};
			name = Release;
		};
		D4EFE1721BE8E27600672746 /* Debug */ = {
			isa = XCBuildConfiguration;
			buildSettings = {
				BUNDLE_LOADER = "$(TEST_HOST)";
				FRAMEWORK_SEARCH_PATHS = (
					"$(SDKROOT)/Developer/Library/Frameworks",
					"$(inherited)",
				);
				GCC_PREPROCESSOR_DEFINITIONS = (
					"DEBUG=1",
					"$(inherited)",
				);
				INFOPLIST_FILE = DancingMenTests/Info.plist;
				LD_RUNPATH_SEARCH_PATHS = "$(inherited) @executable_path/Frameworks @loader_path/Frameworks";
				PRODUCT_NAME = "$(TARGET_NAME)";
				TEST_HOST = "$(BUILT_PRODUCTS_DIR)/DancingMen.app/DancingMen";
			};
			name = Debug;
		};
		D4EFE1731BE8E27600672746 /* Release */ = {
			isa = XCBuildConfiguration;
			buildSettings = {
				BUNDLE_LOADER = "$(TEST_HOST)";
				FRAMEWORK_SEARCH_PATHS = (
					"$(SDKROOT)/Developer/Library/Frameworks",
					"$(inherited)",
				);
				INFOPLIST_FILE = DancingMenTests/Info.plist;
				LD_RUNPATH_SEARCH_PATHS = "$(inherited) @executable_path/Frameworks @loader_path/Frameworks";
				PRODUCT_NAME = "$(TARGET_NAME)";
				TEST_HOST = "$(BUILT_PRODUCTS_DIR)/DancingMen.app/DancingMen";
			};
			name = Release;
		};
/* End XCBuildConfiguration section */

/* Begin XCConfigurationList section */
		D4EFE1471BE8E27600672746 /* Build configuration list for PBXProject "DancingMen" */ = {
			isa = XCConfigurationList;
			buildConfigurations = (
				D4EFE16C1BE8E27600672746 /* Debug */,
				D4EFE16D1BE8E27600672746 /* Release */,
			);
			defaultConfigurationIsVisible = 0;
			defaultConfigurationName = Release;
		};
		D4EFE16E1BE8E27600672746 /* Build configuration list for PBXNativeTarget "DancingMen" */ = {
			isa = XCConfigurationList;
			buildConfigurations = (
				D4EFE16F1BE8E27600672746 /* Debug */,
				D4EFE1701BE8E27600672746 /* Release */,
			);
			defaultConfigurationIsVisible = 0;
		};
		D4EFE1711BE8E27600672746 /* Build configuration list for PBXNativeTarget "DancingMenTests" */ = {
			isa = XCConfigurationList;
			buildConfigurations = (
				D4EFE1721BE8E27600672746 /* Debug */,
				D4EFE1731BE8E27600672746 /* Release */,
			);
			defaultConfigurationIsVisible = 0;
		};
/* End XCConfigurationList section */

/* Begin XCVersionGroup section */
		D4EFE1531BE8E27600672746 /* DancingMen.xcdatamodeld */ = {
			isa = XCVersionGroup;
			children = (
				D4EFE1541BE8E27600672746 /* DancingMen.xcdatamodel */,
			);
			currentVersion = D4EFE1541BE8E27600672746 /* DancingMen.xcdatamodel */;
			path = DancingMen.xcdatamodeld;
			sourceTree = "<group>";
			versionGroupType = wrapper.xcdatamodel;
		};
/* End XCVersionGroup section */
	};
	rootObject = D4EFE1441BE8E27600672746 /* Project object */;
}
